// !$*UTF8*$!
{
	archiveVersion = 1;
	classes = {
	};
	objectVersion = 55;
	objects = {

/* Begin PBXBuildFile section */
		C872743F2947DEEA00F9F67F /* main.c in Sources */ = {isa = PBXBuildFile; fileRef = C872743E2947DEEA00F9F67F /* main.c */; };
		C87274482947E26400F9F67F /* mpi.h in Headers */ = {isa = PBXBuildFile; fileRef = C87274472947E26400F9F67F /* mpi.h */; };
		C87274502947E29C00F9F67F /* mpi_portable_platform.h in Headers */ = {isa = PBXBuildFile; fileRef = C87274492947E29B00F9F67F /* mpi_portable_platform.h */; };
		C87274512947E29C00F9F67F /* mpif-c-constants-decl.h in Headers */ = {isa = PBXBuildFile; fileRef = C872744A2947E29B00F9F67F /* mpif-c-constants-decl.h */; };
		C87274522947E29C00F9F67F /* mpi-ext.h in Headers */ = {isa = PBXBuildFile; fileRef = C872744B2947E29B00F9F67F /* mpi-ext.h */; };
		C87274542947E29C00F9F67F /* mpif-ext.h in Headers */ = {isa = PBXBuildFile; fileRef = C872744D2947E29B00F9F67F /* mpif-ext.h */; };
		C87274552947E29C00F9F67F /* mpif-sizeof.h in Headers */ = {isa = PBXBuildFile; fileRef = C872744E2947E29C00F9F67F /* mpif-sizeof.h */; };
		C87274562947E29C00F9F67F /* mpif.h in Headers */ = {isa = PBXBuildFile; fileRef = C872744F2947E29C00F9F67F /* mpif.h */; };
		C87274582947E2E100F9F67F /* openmpi in Headers */ = {isa = PBXBuildFile; fileRef = C87274572947E2E100F9F67F /* openmpi */; };
/* End PBXBuildFile section */

/* Begin PBXCopyFilesBuildPhase section */
		C87274392947DEE900F9F67F /* CopyFiles */ = {
			isa = PBXCopyFilesBuildPhase;
			buildActionMask = 2147483647;
			dstPath = /usr/share/man/man1/;
			dstSubfolderSpec = 0;
			files = (
			);
			runOnlyForDeploymentPostprocessing = 1;
		};
/* End PBXCopyFilesBuildPhase section */

/* Begin PBXFileReference section */
		C872743B2947DEEA00F9F67F /* 2taskdistribute */ = {isa = PBXFileReference; explicitFileType = "compiled.mach-o.executable"; includeInIndex = 0; path = 2taskdistribute; sourceTree = BUILT_PRODUCTS_DIR; };
		C872743E2947DEEA00F9F67F /* main.c */ = {isa = PBXFileReference; lastKnownFileType = sourcecode.c.c; path = main.c; sourceTree = "<group>"; };
		C87274472947E26400F9F67F /* mpi.h */ = {isa = PBXFileReference; lastKnownFileType = sourcecode.c.h; path = mpi.h; sourceTree = "<group>"; };
		C87274492947E29B00F9F67F /* mpi_portable_platform.h */ = {isa = PBXFileReference; lastKnownFileType = sourcecode.c.h; path = mpi_portable_platform.h; sourceTree = "<group>"; };
		C872744A2947E29B00F9F67F /* mpif-c-constants-decl.h */ = {isa = PBXFileReference; lastKnownFileType = sourcecode.c.h; path = "mpif-c-constants-decl.h"; sourceTree = "<group>"; };
		C872744B2947E29B00F9F67F /* mpi-ext.h */ = {isa = PBXFileReference; lastKnownFileType = sourcecode.c.h; path = "mpi-ext.h"; sourceTree = "<group>"; };
		C872744D2947E29B00F9F67F /* mpif-ext.h */ = {isa = PBXFileReference; lastKnownFileType = sourcecode.c.h; path = "mpif-ext.h"; sourceTree = "<group>"; };
		C872744E2947E29C00F9F67F /* mpif-sizeof.h */ = {isa = PBXFileReference; lastKnownFileType = sourcecode.c.h; path = "mpif-sizeof.h"; sourceTree = "<group>"; };
		C872744F2947E29C00F9F67F /* mpif.h */ = {isa = PBXFileReference; lastKnownFileType = sourcecode.c.h; path = mpif.h; sourceTree = "<group>"; };
		C87274572947E2E100F9F67F /* openmpi */ = {isa = PBXFileReference; lastKnownFileType = folder; path = openmpi; sourceTree = "<group>"; };
/* End PBXFileReference section */

/* Begin PBXFrameworksBuildPhase section */
		C87274382947DEE900F9F67F /* Frameworks */ = {
			isa = PBXFrameworksBuildPhase;
			buildActionMask = 2147483647;
			files = (
			);
			runOnlyForDeploymentPostprocessing = 0;
		};
/* End PBXFrameworksBuildPhase section */

/* Begin PBXGroup section */
		C87274322947DEE800F9F67F = {
			isa = PBXGroup;
			children = (
				C87274572947E2E100F9F67F /* openmpi */,
				C87274472947E26400F9F67F /* mpi.h */,
				C87274492947E29B00F9F67F /* mpi_portable_platform.h */,
				C872744B2947E29B00F9F67F /* mpi-ext.h */,
				C872744A2947E29B00F9F67F /* mpif-c-constants-decl.h */,
				C872744D2947E29B00F9F67F /* mpif-ext.h */,
				C872744E2947E29C00F9F67F /* mpif-sizeof.h */,
				C872744F2947E29C00F9F67F /* mpif.h */,
				C872743D2947DEEA00F9F67F /* 2taskdistribute */,
				C872743C2947DEEA00F9F67F /* Products */,
				C87274462947E1B700F9F67F /* Frameworks */,
			);
			sourceTree = "<group>";
		};
		C872743C2947DEEA00F9F67F /* Products */ = {
			isa = PBXGroup;
			children = (
				C872743B2947DEEA00F9F67F /* 2taskdistribute */,
			);
			name = Products;
			sourceTree = "<group>";
		};
		C872743D2947DEEA00F9F67F /* 2taskdistribute */ = {
			isa = PBXGroup;
			children = (
				C872743E2947DEEA00F9F67F /* main.c */,
			);
			path = 2taskdistribute;
			sourceTree = "<group>";
		};
		C87274462947E1B700F9F67F /* Frameworks */ = {
			isa = PBXGroup;
			children = (
			);
			name = Frameworks;
			sourceTree = "<group>";
		};
/* End PBXGroup section */

/* Begin PBXHeadersBuildPhase section */
		C87274452947E18500F9F67F /* Headers */ = {
			isa = PBXHeadersBuildPhase;
			buildActionMask = 2147483647;
			files = (
				C87274582947E2E100F9F67F /* openmpi in Headers */,
				C87274502947E29C00F9F67F /* mpi_portable_platform.h in Headers */,
				C87274512947E29C00F9F67F /* mpif-c-constants-decl.h in Headers */,
				C87274522947E29C00F9F67F /* mpi-ext.h in Headers */,
				C87274542947E29C00F9F67F /* mpif-ext.h in Headers */,
				C87274552947E29C00F9F67F /* mpif-sizeof.h in Headers */,
				C87274562947E29C00F9F67F /* mpif.h in Headers */,
				C87274482947E26400F9F67F /* mpi.h in Headers */,
			);
			runOnlyForDeploymentPostprocessing = 0;
		};
/* End PBXHeadersBuildPhase section */

/* Begin PBXNativeTarget section */
		C872743A2947DEE900F9F67F /* 2taskdistribute */ = {
			isa = PBXNativeTarget;
			buildConfigurationList = C87274422947DEEA00F9F67F /* Build configuration list for PBXNativeTarget "2taskdistribute" */;
			buildPhases = (
				C87274452947E18500F9F67F /* Headers */,
				C87274372947DEE900F9F67F /* Sources */,
				C87274382947DEE900F9F67F /* Frameworks */,
				C87274392947DEE900F9F67F /* CopyFiles */,
			);
			buildRules = (
			);
			dependencies = (
			);
			name = 2taskdistribute;
			productName = 2taskdistribute;
			productReference = C872743B2947DEEA00F9F67F /* 2taskdistribute */;
			productType = "com.apple.product-type.tool";
		};
/* End PBXNativeTarget section */

/* Begin PBXProject section */
		C87274332947DEE900F9F67F /* Project object */ = {
			isa = PBXProject;
			attributes = {
				BuildIndependentTargetsInParallel = 1;
				LastUpgradeCheck = 1330;
				TargetAttributes = {
					C872743A2947DEE900F9F67F = {
						CreatedOnToolsVersion = 13.3.1;
					};
				};
			};
			buildConfigurationList = C87274362947DEE900F9F67F /* Build configuration list for PBXProject "2taskdistribute" */;
			compatibilityVersion = "Xcode 13.0";
			developmentRegion = en;
			hasScannedForEncodings = 0;
			knownRegions = (
				en,
				Base,
			);
			mainGroup = C87274322947DEE800F9F67F;
			productRefGroup = C872743C2947DEEA00F9F67F /* Products */;
			projectDirPath = "";
			projectRoot = "";
			targets = (
				C872743A2947DEE900F9F67F /* 2taskdistribute */,
			);
		};
/* End PBXProject section */

/* Begin PBXSourcesBuildPhase section */
		C87274372947DEE900F9F67F /* Sources */ = {
			isa = PBXSourcesBuildPhase;
			buildActionMask = 2147483647;
			files = (
				C872743F2947DEEA00F9F67F /* main.c in Sources */,
			);
			runOnlyForDeploymentPostprocessing = 0;
		};
/* End PBXSourcesBuildPhase section */

/* Begin XCBuildConfiguration section */
		C87274402947DEEA00F9F67F /* Debug */ = {
			isa = XCBuildConfiguration;
			buildSettings = {
				ALWAYS_SEARCH_USER_PATHS = NO;
				CLANG_ANALYZER_NONNULL = YES;
				CLANG_ANALYZER_NUMBER_OBJECT_CONVERSION = YES_AGGRESSIVE;
				CLANG_CXX_LANGUAGE_STANDARD = "gnu++17";
				CLANG_ENABLE_MODULES = YES;
				CLANG_ENABLE_OBJC_ARC = YES;
				CLANG_ENABLE_OBJC_WEAK = YES;
				CLANG_WARN_BLOCK_CAPTURE_AUTORELEASING = YES;
				CLANG_WARN_BOOL_CONVERSION = YES;
				CLANG_WARN_COMMA = YES;
				CLANG_WARN_CONSTANT_CONVERSION = YES;
				CLANG_WARN_DEPRECATED_OBJC_IMPLEMENTATIONS = YES;
				CLANG_WARN_DIRECT_OBJC_ISA_USAGE = YES_ERROR;
				CLANG_WARN_DOCUMENTATION_COMMENTS = YES;
				CLANG_WARN_EMPTY_BODY = YES;
				CLANG_WARN_ENUM_CONVERSION = YES;
				CLANG_WARN_INFINITE_RECURSION = YES;
				CLANG_WARN_INT_CONVERSION = YES;
				CLANG_WARN_NON_LITERAL_NULL_CONVERSION = YES;
				CLANG_WARN_OBJC_IMPLICIT_RETAIN_SELF = YES;
				CLANG_WARN_OBJC_LITERAL_CONVERSION = YES;
				CLANG_WARN_OBJC_ROOT_CLASS = YES_ERROR;
				CLANG_WARN_QUOTED_INCLUDE_IN_FRAMEWORK_HEADER = YES;
				CLANG_WARN_RANGE_LOOP_ANALYSIS = YES;
				CLANG_WARN_STRICT_PROTOTYPES = YES;
				CLANG_WARN_SUSPICIOUS_MOVE = YES;
				CLANG_WARN_UNGUARDED_AVAILABILITY = YES_AGGRESSIVE;
				CLANG_WARN_UNREACHABLE_CODE = YES;
				CLANG_WARN__DUPLICATE_METHOD_MATCH = YES;
				COPY_PHASE_STRIP = NO;
				DEBUG_INFORMATION_FORMAT = dwarf;
				ENABLE_STRICT_OBJC_MSGSEND = YES;
				ENABLE_TESTABILITY = YES;
				GCC_C_LANGUAGE_STANDARD = gnu11;
				GCC_DYNAMIC_NO_PIC = NO;
				GCC_NO_COMMON_BLOCKS = YES;
				GCC_OPTIMIZATION_LEVEL = 0;
				GCC_PREPROCESSOR_DEFINITIONS = (
					"DEBUG=1",
					"$(inherited)",
				);
				GCC_WARN_64_TO_32_BIT_CONVERSION = YES;
				GCC_WARN_ABOUT_RETURN_TYPE = YES_ERROR;
				GCC_WARN_UNDECLARED_SELECTOR = YES;
				GCC_WARN_UNINITIALIZED_AUTOS = YES_AGGRESSIVE;
				GCC_WARN_UNUSED_FUNCTION = YES;
				GCC_WARN_UNUSED_VARIABLE = YES;
				MACOSX_DEPLOYMENT_TARGET = 12.3;
				MTL_ENABLE_DEBUG_INFO = INCLUDE_SOURCE;
				MTL_FAST_MATH = YES;
				ONLY_ACTIVE_ARCH = YES;
				SDKROOT = macosx;
			};
			name = Debug;
		};
		C87274412947DEEA00F9F67F /* Release */ = {
			isa = XCBuildConfiguration;
			buildSettings = {
				ALWAYS_SEARCH_USER_PATHS = NO;
				CLANG_ANALYZER_NONNULL = YES;
				CLANG_ANALYZER_NUMBER_OBJECT_CONVERSION = YES_AGGRESSIVE;
				CLANG_CXX_LANGUAGE_STANDARD = "gnu++17";
				CLANG_ENABLE_MODULES = YES;
				CLANG_ENABLE_OBJC_ARC = YES;
				CLANG_ENABLE_OBJC_WEAK = YES;
				CLANG_WARN_BLOCK_CAPTURE_AUTORELEASING = YES;
				CLANG_WARN_BOOL_CONVERSION = YES;
				CLANG_WARN_COMMA = YES;
				CLANG_WARN_CONSTANT_CONVERSION = YES;
				CLANG_WARN_DEPRECATED_OBJC_IMPLEMENTATIONS = YES;
				CLANG_WARN_DIRECT_OBJC_ISA_USAGE = YES_ERROR;
				CLANG_WARN_DOCUMENTATION_COMMENTS = YES;
				CLANG_WARN_EMPTY_BODY = YES;
				CLANG_WARN_ENUM_CONVERSION = YES;
				CLANG_WARN_INFINITE_RECURSION = YES;
				CLANG_WARN_INT_CONVERSION = YES;
				CLANG_WARN_NON_LITERAL_NULL_CONVERSION = YES;
				CLANG_WARN_OBJC_IMPLICIT_RETAIN_SELF = YES;
				CLANG_WARN_OBJC_LITERAL_CONVERSION = YES;
				CLANG_WARN_OBJC_ROOT_CLASS = YES_ERROR;
				CLANG_WARN_QUOTED_INCLUDE_IN_FRAMEWORK_HEADER = YES;
				CLANG_WARN_RANGE_LOOP_ANALYSIS = YES;
				CLANG_WARN_STRICT_PROTOTYPES = YES;
				CLANG_WARN_SUSPICIOUS_MOVE = YES;
				CLANG_WARN_UNGUARDED_AVAILABILITY = YES_AGGRESSIVE;
				CLANG_WARN_UNREACHABLE_CODE = YES;
				CLANG_WARN__DUPLICATE_METHOD_MATCH = YES;
				COPY_PHASE_STRIP = NO;
				DEBUG_INFORMATION_FORMAT = "dwarf-with-dsym";
				ENABLE_NS_ASSERTIONS = NO;
				ENABLE_STRICT_OBJC_MSGSEND = YES;
				GCC_C_LANGUAGE_STANDARD = gnu11;
				GCC_NO_COMMON_BLOCKS = YES;
				GCC_WARN_64_TO_32_BIT_CONVERSION = YES;
				GCC_WARN_ABOUT_RETURN_TYPE = YES_ERROR;
				GCC_WARN_UNDECLARED_SELECTOR = YES;
				GCC_WARN_UNINITIALIZED_AUTOS = YES_AGGRESSIVE;
				GCC_WARN_UNUSED_FUNCTION = YES;
				GCC_WARN_UNUSED_VARIABLE = YES;
				MACOSX_DEPLOYMENT_TARGET = 12.3;
				MTL_ENABLE_DEBUG_INFO = NO;
				MTL_FAST_MATH = YES;
				SDKROOT = macosx;
			};
			name = Release;
		};
		C87274432947DEEA00F9F67F /* Debug */ = {
			isa = XCBuildConfiguration;
			buildSettings = {
				CODE_SIGN_STYLE = Automatic;
				PRODUCT_NAME = "$(TARGET_NAME)";
			};
			name = Debug;
		};
		C87274442947DEEA00F9F67F /* Release */ = {
			isa = XCBuildConfiguration;
			buildSettings = {
				CODE_SIGN_STYLE = Automatic;
				PRODUCT_NAME = "$(TARGET_NAME)";
			};
			name = Release;
		};
/* End XCBuildConfiguration section */

/* Begin XCConfigurationList section */
		C87274362947DEE900F9F67F /* Build configuration list for PBXProject "2taskdistribute" */ = {
			isa = XCConfigurationList;
			buildConfigurations = (
				C87274402947DEEA00F9F67F /* Debug */,
				C87274412947DEEA00F9F67F /* Release */,
			);
			defaultConfigurationIsVisible = 0;
			defaultConfigurationName = Release;
		};
		C87274422947DEEA00F9F67F /* Build configuration list for PBXNativeTarget "2taskdistribute" */ = {
			isa = XCConfigurationList;
			buildConfigurations = (
				C87274432947DEEA00F9F67F /* Debug */,
				C87274442947DEEA00F9F67F /* Release */,
			);
			defaultConfigurationIsVisible = 0;
			defaultConfigurationName = Release;
		};
/* End XCConfigurationList section */
	};
	rootObject = C87274332947DEE900F9F67F /* Project object */;
}
